
Microsoft Visual Studio Solution File, Format Version 12.00
# Visual Studio Version 17
VisualStudioVersion = 17.0.31903.59
MinimumVisualStudioVersion = 10.0.40219.1
Project("{2150E333-8FDC-42A3-9474-1A3956D46DE8}") = "src", "src", "{25050326-1D5E-4489-8989-40958EF458CD}"
EndProject
Project("{FAE04EC0-301F-11D3-BF4B-00C04F79EFBC}") = "Ft.Core", "src\Ft.Core\Ft.Core.csproj", "{9C34ABDA-74E2-44DD-9E61-0A32CA421773}"
EndProject
Project("{FAE04EC0-301F-11D3-BF4B-00C04F79EFBC}") = "Ft.App", "src\Ft.App\Ft.App.csproj", "{9FA8A7AB-7099-4181-A71A-8FFE9945A3F9}"
EndProject
Project("{2150E333-8FDC-42A3-9474-1A3956D46DE8}") = "tests", "tests", "{66EB881A-E733-4DF1-A3F4-D9E0B9E659DC}"
EndProject
Project("{FAE04EC0-301F-11D3-BF4B-00C04F79EFBC}") = "Ft.Core.Tests", "tests\Ft.Core.Tests\Ft.Core.Tests.csproj", "{B3B68D19-09C1-408B-93D3-A8B2F89203D8}"
EndProject
Global
	GlobalSection(SolutionConfigurationPlatforms) = preSolution
		Debug|Any CPU = Debug|Any CPU
		Release|Any CPU = Release|Any CPU
	EndGlobalSection
	GlobalSection(SolutionProperties) = preSolution
		HideSolutionNode = FALSE
	EndGlobalSection
	GlobalSection(ProjectConfigurationPlatforms) = postSolution
		{9C34ABDA-74E2-44DD-9E61-0A32CA421773}.Debug|Any CPU.ActiveCfg = Debug|Any CPU
		{9C34ABDA-74E2-44DD-9E61-0A32CA421773}.Debug|Any CPU.Build.0 = Debug|Any CPU
		{9C34ABDA-74E2-44DD-9E61-0A32CA421773}.Release|Any CPU.ActiveCfg = Release|Any CPU
		{9C34ABDA-74E2-44DD-9E61-0A32CA421773}.Release|Any CPU.Build.0 = Release|Any CPU
		{9FA8A7AB-7099-4181-A71A-8FFE9945A3F9}.Debug|Any CPU.ActiveCfg = Debug|Any CPU
		{9FA8A7AB-7099-4181-A71A-8FFE9945A3F9}.Debug|Any CPU.Build.0 = Debug|Any CPU
		{9FA8A7AB-7099-4181-A71A-8FFE9945A3F9}.Release|Any CPU.ActiveCfg = Release|Any CPU
		{9FA8A7AB-7099-4181-A71A-8FFE9945A3F9}.Release|Any CPU.Build.0 = Release|Any CPU
		{B3B68D19-09C1-408B-93D3-A8B2F89203D8}.Debug|Any CPU.ActiveCfg = Debug|Any CPU
		{B3B68D19-09C1-408B-93D3-A8B2F89203D8}.Debug|Any CPU.Build.0 = Debug|Any CPU
		{B3B68D19-09C1-408B-93D3-A8B2F89203D8}.Release|Any CPU.ActiveCfg = Release|Any CPU
		{B3B68D19-09C1-408B-93D3-A8B2F89203D8}.Release|Any CPU.Build.0 = Release|Any CPU
	EndGlobalSection
	GlobalSection(NestedProjects) = preSolution
		{9C34ABDA-74E2-44DD-9E61-0A32CA421773} = {25050326-1D5E-4489-8989-40958EF458CD}
		{9FA8A7AB-7099-4181-A71A-8FFE9945A3F9} = {25050326-1D5E-4489-8989-40958EF458CD}
		{B3B68D19-09C1-408B-93D3-A8B2F89203D8} = {66EB881A-E733-4DF1-A3F4-D9E0B9E659DC}
	EndGlobalSection
EndGlobal
